
Microsoft Visual Studio Solution File, Format Version 12.00
# Visual Studio Version 17
VisualStudioVersion = 17.3.32929.385
MinimumVisualStudioVersion = 10.0.40219.1
Project("{FAE04EC0-301F-11D3-BF4B-00C04F79EFBC}") = "WorldCupApi", "WorldCupApi.csproj", "{D7B11B7B-2220-435D-976F-4A091E037F1D}"
EndProject
Global
	GlobalSection(SolutionConfigurationPlatforms) = preSolution
		Debug|Any CPU = Debug|Any CPU
		Release|Any CPU = Release|Any CPU
	EndGlobalSection
	GlobalSection(ProjectConfigurationPlatforms) = postSolution
		{D7B11B7B-2220-435D-976F-4A091E037F1D}.Debug|Any CPU.ActiveCfg = Debug|Any CPU
		{D7B11B7B-2220-435D-976F-4A091E037F1D}.Debug|Any CPU.Build.0 = Debug|Any CPU
		{D7B11B7B-2220-435D-976F-4A091E037F1D}.Release|Any CPU.ActiveCfg = Release|Any CPU
		{D7B11B7B-2220-435D-976F-4A091E037F1D}.Release|Any CPU.Build.0 = Release|Any CPU
	EndGlobalSection
	GlobalSection(SolutionProperties) = preSolution
		HideSolutionNode = FALSE
	EndGlobalSection
	GlobalSection(ExtensibilityGlobals) = postSolution
		SolutionGuid = {2EA6CA46-4CE0-438E-B8E9-02E0962BB115}
	EndGlobalSection
EndGlobal
